PODS:
  - CocoaAsyncSocket (7.4.1)
  - MRFoundation (0.1):
    - CocoaAsyncSocket (~> 7.0)

DEPENDENCIES:
  - MRFoundation (from `../Remote Foundation/`)

EXTERNAL SOURCES:
  MRFoundation:
    :path: "../Remote Foundation/"

SPEC CHECKSUMS:
  CocoaAsyncSocket: 7cbf214b27f8e7f7574db6a3fd96352ffaed433d
  MRFoundation: 38068d8a4ecb318be7949a8e30666a2f1b4cd3a5

PODFILE CHECKSUM: 0670852c1f5924730b02726ca5983153fc5fa47d

COCOAPODS: 1.0.0.beta.8
